# This file is autogenerated, do not edit; changes may be undone by the next 'dep ensure'.


[[projects]]
  digest = "1:d5039f72505274cddd25fef3b4790e7d985eaf063a0c7df1363ed6292ddc30fb"
  name = "github.com/aws/aws-lambda-go"
  packages = [
    "events",
    "lambda",
    "lambda/messages",
    "lambdacontext",
  ]
  pruneopts = ""
  revision = "6e2e37798efbb1dfd8e9c6681702e683a6046517"
  version = "v1.0.1"

[[projects]]
  branch = "master"
  digest = "1:07d44e110b08edc861f127277728ca1a922d996306fb8831f39ea937c2f00efc"
  name = "github.com/common-nighthawk/go-figure"
  packages = ["."]
  pruneopts = ""
  revision = "18b2b544842cab16f3ff418fb5290d8f2896a069"

[[projects]]
  branch = "master"
  digest = "1:ac7ff0abd3d0f08a01e66a9d4da4cec443ef1045bfc687b300e12453348bac55"
  name = "github.com/fnproject/fdk-go"
  packages = [
    ".",
    "utils",
  ]
  pruneopts = ""
  revision = "1c783fe496250a3e27445273fb43cace6fd4ee2b"

[solve-meta]
  analyzer-name = "dep"
  analyzer-version = 1
  input-imports = [
    "github.com/aws/aws-lambda-go/events",
    "github.com/aws/aws-lambda-go/lambda",
    "github.com/common-nighthawk/go-figure",
    "github.com/fnproject/fdk-go",
  ]
  solver-name = "gps-cdcl"
  solver-version = 1
